
Microsoft Visual Studio Solution File, Format Version 12.00
# Visual Studio Version 17
VisualStudioVersion = 17.10.35013.160
MinimumVisualStudioVersion = 10.0.40219.1
Project("{9A19103F-16F7-4668-BE54-9A1E7A4F7556}") = "Greeter", "Greeter\Greeter.csproj", "{D88E4178-5756-4C32-BB94-7CF6AC04A151}"
EndProject
Project("{2150E333-8FDC-42A3-9474-1A3956D46DE8}") = "M001-Greeter", "M001-Greeter", "{849929BA-4066-4FFE-A483-8B28E574349C}"
EndProject
Project("{2150E333-8FDC-42A3-9474-1A3956D46DE8}") = "M002-Variablen", "M002-Variablen", "{E66E982B-475B-4E9A-A840-B8C99A4654EE}"
EndProject
Project("{FAE04EC0-301F-11D3-BF4B-00C04F79EFBC}") = "M002-Variables", "M002-Variables\M002-Variables.csproj", "{77A15E07-7EFC-44D3-9FFD-4EF32F61B6FC}"
EndProject
Project("{2150E333-8FDC-42A3-9474-1A3956D46DE8}") = "M003-Arrays-If", "M003-Arrays-If", "{3B4CC5AE-853D-4D94-9D38-A7E8F53557A8}"
EndProject
Project("{FAE04EC0-301F-11D3-BF4B-00C04F79EFBC}") = "M003-Arrays", "M003-Arrays\M003-Arrays.csproj", "{0CD0AF41-55C6-4E78-954A-7FDDDDA2C788}"
EndProject
Project("{2150E333-8FDC-42A3-9474-1A3956D46DE8}") = "M004-Loops-Enums", "M004-Loops-Enums", "{392033C3-716D-41C5-A4C3-C9C877692B13}"
EndProject
Project("{FAE04EC0-301F-11D3-BF4B-00C04F79EFBC}") = "M004-Loops-Enums", "M004-Loops-Enums\M004-Loops-Enums.csproj", "{342ACDF7-F0EE-488A-BC12-A22D58D7A753}"
EndProject
Global
	GlobalSection(SolutionConfigurationPlatforms) = preSolution
		Debug|Any CPU = Debug|Any CPU
		Release|Any CPU = Release|Any CPU
	EndGlobalSection
	GlobalSection(ProjectConfigurationPlatforms) = postSolution
		{D88E4178-5756-4C32-BB94-7CF6AC04A151}.Debug|Any CPU.ActiveCfg = Debug|Any CPU
		{D88E4178-5756-4C32-BB94-7CF6AC04A151}.Debug|Any CPU.Build.0 = Debug|Any CPU
		{D88E4178-5756-4C32-BB94-7CF6AC04A151}.Release|Any CPU.ActiveCfg = Release|Any CPU
		{D88E4178-5756-4C32-BB94-7CF6AC04A151}.Release|Any CPU.Build.0 = Release|Any CPU
		{77A15E07-7EFC-44D3-9FFD-4EF32F61B6FC}.Debug|Any CPU.ActiveCfg = Debug|Any CPU
		{77A15E07-7EFC-44D3-9FFD-4EF32F61B6FC}.Debug|Any CPU.Build.0 = Debug|Any CPU
		{77A15E07-7EFC-44D3-9FFD-4EF32F61B6FC}.Release|Any CPU.ActiveCfg = Release|Any CPU
		{77A15E07-7EFC-44D3-9FFD-4EF32F61B6FC}.Release|Any CPU.Build.0 = Release|Any CPU
		{0CD0AF41-55C6-4E78-954A-7FDDDDA2C788}.Debug|Any CPU.ActiveCfg = Debug|Any CPU
		{0CD0AF41-55C6-4E78-954A-7FDDDDA2C788}.Debug|Any CPU.Build.0 = Debug|Any CPU
		{0CD0AF41-55C6-4E78-954A-7FDDDDA2C788}.Release|Any CPU.ActiveCfg = Release|Any CPU
		{0CD0AF41-55C6-4E78-954A-7FDDDDA2C788}.Release|Any CPU.Build.0 = Release|Any CPU
		{342ACDF7-F0EE-488A-BC12-A22D58D7A753}.Debug|Any CPU.ActiveCfg = Debug|Any CPU
		{342ACDF7-F0EE-488A-BC12-A22D58D7A753}.Debug|Any CPU.Build.0 = Debug|Any CPU
		{342ACDF7-F0EE-488A-BC12-A22D58D7A753}.Release|Any CPU.ActiveCfg = Release|Any CPU
		{342ACDF7-F0EE-488A-BC12-A22D58D7A753}.Release|Any CPU.Build.0 = Release|Any CPU
	EndGlobalSection
	GlobalSection(SolutionProperties) = preSolution
		HideSolutionNode = FALSE
	EndGlobalSection
	GlobalSection(NestedProjects) = preSolution
		{D88E4178-5756-4C32-BB94-7CF6AC04A151} = {849929BA-4066-4FFE-A483-8B28E574349C}
		{77A15E07-7EFC-44D3-9FFD-4EF32F61B6FC} = {E66E982B-475B-4E9A-A840-B8C99A4654EE}
		{0CD0AF41-55C6-4E78-954A-7FDDDDA2C788} = {3B4CC5AE-853D-4D94-9D38-A7E8F53557A8}
		{342ACDF7-F0EE-488A-BC12-A22D58D7A753} = {392033C3-716D-41C5-A4C3-C9C877692B13}
	EndGlobalSection
	GlobalSection(ExtensibilityGlobals) = postSolution
		SolutionGuid = {8EA95C3A-B1A4-435B-98E9-50DB9B8F7C40}
	EndGlobalSection
EndGlobal
