
Microsoft Visual Studio Solution File, Format Version 12.00
# Visual Studio Version 17
VisualStudioVersion = 17.10.35013.160
MinimumVisualStudioVersion = 10.0.40219.1
Project("{9A19103F-16F7-4668-BE54-9A1E7A4F7556}") = "Greeter", "Greeter\Greeter.csproj", "{D88E4178-5756-4C32-BB94-7CF6AC04A151}"
EndProject
Project("{2150E333-8FDC-42A3-9474-1A3956D46DE8}") = "M001-Greeter", "M001-Greeter", "{849929BA-4066-4FFE-A483-8B28E574349C}"
EndProject
Project("{2150E333-8FDC-42A3-9474-1A3956D46DE8}") = "M002-Variablen", "M002-Variablen", "{E66E982B-475B-4E9A-A840-B8C99A4654EE}"
EndProject
Project("{9A19103F-16F7-4668-BE54-9A1E7A4F7556}") = "M002-Variables", "M002-Variables\M002-Variables.csproj", "{77A15E07-7EFC-44D3-9FFD-4EF32F61B6FC}"
EndProject
Project("{2150E333-8FDC-42A3-9474-1A3956D46DE8}") = "M003-Arrays-If", "M003-Arrays-If", "{3B4CC5AE-853D-4D94-9D38-A7E8F53557A8}"
EndProject
Project("{9A19103F-16F7-4668-BE54-9A1E7A4F7556}") = "M003-Arrays", "M003-Arrays\M003-Arrays.csproj", "{0CD0AF41-55C6-4E78-954A-7FDDDDA2C788}"
EndProject
Project("{2150E333-8FDC-42A3-9474-1A3956D46DE8}") = "M004-Loops-Enums", "M004-Loops-Enums", "{392033C3-716D-41C5-A4C3-C9C877692B13}"
EndProject
Project("{9A19103F-16F7-4668-BE54-9A1E7A4F7556}") = "M004-Loops-Enums", "M004-Loops-Enums\M004-Loops-Enums.csproj", "{342ACDF7-F0EE-488A-BC12-A22D58D7A753}"
EndProject
Project("{2150E333-8FDC-42A3-9474-1A3956D46DE8}") = "M005-Functions", "M005-Functions", "{6C5B66B4-A54A-4FA8-BA06-B15895DF9C70}"
EndProject
Project("{9A19103F-16F7-4668-BE54-9A1E7A4F7556}") = "M005-Functions", "M005-Functions\M005-Functions.csproj", "{83FB9DC0-17B7-45BE-AD05-C195BF92B267}"
EndProject
Project("{2150E333-8FDC-42A3-9474-1A3956D46DE8}") = "M006-OOP", "M006-OOP", "{99340240-246A-4FC8-AC34-CAE2B91A3092}"
EndProject
Project("{9A19103F-16F7-4668-BE54-9A1E7A4F7556}") = "M006-OOP", "M006-OOP\M006-OOP.csproj", "{1E0F8862-8CE1-48AF-AEDA-4A036B6073A3}"
EndProject
Project("{2150E333-8FDC-42A3-9474-1A3956D46DE8}") = "M007-OOP-GC", "M007-OOP-GC", "{85E71342-CBB8-4B77-A206-5EF14B336360}"
EndProject
Project("{9A19103F-16F7-4668-BE54-9A1E7A4F7556}") = "M007-OOP-GC", "M007-OOP-GC\M007-OOP-GC.csproj", "{18711D81-EF62-4707-B93C-160D4E091234}"
EndProject
Project("{2150E333-8FDC-42A3-9474-1A3956D46DE8}") = "M008-OOP-Inheritance", "M008-OOP-Inheritance", "{22756623-3146-4570-8C22-404BD4C21B9D}"
EndProject
Project("{9A19103F-16F7-4668-BE54-9A1E7A4F7556}") = "M008-OOP-Inheritance", "M008-OOP-Inheritance\M008-OOP-Inheritance.csproj", "{8FF6F3B3-F992-47A3-884A-BACDE4BFB6D9}"
EndProject
Project("{2150E333-8FDC-42A3-9474-1A3956D46DE8}") = "M009-OOP-Poly", "M009-OOP-Poly", "{519773CF-0BA6-483F-A67E-5EC33C36D13F}"
EndProject
Project("{9A19103F-16F7-4668-BE54-9A1E7A4F7556}") = "M009-OOP-Poly", "M009-OOP-Poly\M009-OOP-Poly.csproj", "{E3C69199-6EB8-4331-A9F7-030A75B87B03}"
EndProject
Project("{2150E333-8FDC-42A3-9474-1A3956D46DE8}") = "M010-OOP-Interfaces", "M010-OOP-Interfaces", "{47104493-1108-4519-83EB-CB17087E15EA}"
EndProject
Project("{9A19103F-16F7-4668-BE54-9A1E7A4F7556}") = "M010-OOP-Interfaces", "M010-OOP-Interfaces\M010-OOP-Interfaces.csproj", "{845FBF4E-856D-47F5-BF82-2B03CA75991B}"
EndProject
Project("{2150E333-8FDC-42A3-9474-1A3956D46DE8}") = "M012-Exceptions", "M012-Exceptions", "{61369013-5730-430F-BBA4-03EECDDECD4C}"
EndProject
Project("{9A19103F-16F7-4668-BE54-9A1E7A4F7556}") = "M012-Exceptions", "M012-Exceptions\M012-Exceptions.csproj", "{1DF5B882-575B-4918-9F51-9EB1D5FAAFA5}"
EndProject
Project("{9A19103F-16F7-4668-BE54-9A1E7A4F7556}") = "M012-UnitTests", "M012-UnitTests\M012-UnitTests.csproj", "{4BCB69FF-F3AD-4824-A3BC-08407195D55B}"
EndProject
Project("{2150E333-8FDC-42A3-9474-1A3956D46DE8}") = "M014-GUI", "M014-GUI", "{515AF03D-964A-4103-90AA-2093096C1A4D}"
EndProject
Project("{9A19103F-16F7-4668-BE54-9A1E7A4F7556}") = "M014-WinFormsGUI", "M014-WinFormsGUI\M014-WinFormsGUI.csproj", "{7ABA6B32-CA65-4329-B4E3-D9C7FBA62815}"
EndProject
Project("{FAE04EC0-301F-11D3-BF4B-00C04F79EFBC}") = "FahrzeugGUI", "FahrzeugGUI\FahrzeugGUI.csproj", "{49264065-E33D-4748-9063-53716F0905FC}"
EndProject
Project("{FAE04EC0-301F-11D3-BF4B-00C04F79EFBC}") = "FahrzeugWPF", "FahrzeugWPF\FahrzeugWPF.csproj", "{B590FA5F-2899-4A32-B14E-4E2A3F3484A4}"
EndProject
Project("{FAE04EC0-301F-11D3-BF4B-00C04F79EFBC}") = "FahrzeugLib", "FahrzeugLib\FahrzeugLib.csproj", "{60A23CEE-D8FE-4E62-BB54-76E0C4A79B34}"
EndProject
Global
	GlobalSection(SolutionConfigurationPlatforms) = preSolution
		Debug|Any CPU = Debug|Any CPU
		Release|Any CPU = Release|Any CPU
	EndGlobalSection
	GlobalSection(ProjectConfigurationPlatforms) = postSolution
		{D88E4178-5756-4C32-BB94-7CF6AC04A151}.Debug|Any CPU.ActiveCfg = Debug|Any CPU
		{D88E4178-5756-4C32-BB94-7CF6AC04A151}.Debug|Any CPU.Build.0 = Debug|Any CPU
		{D88E4178-5756-4C32-BB94-7CF6AC04A151}.Release|Any CPU.ActiveCfg = Release|Any CPU
		{D88E4178-5756-4C32-BB94-7CF6AC04A151}.Release|Any CPU.Build.0 = Release|Any CPU
		{77A15E07-7EFC-44D3-9FFD-4EF32F61B6FC}.Debug|Any CPU.ActiveCfg = Debug|Any CPU
		{77A15E07-7EFC-44D3-9FFD-4EF32F61B6FC}.Debug|Any CPU.Build.0 = Debug|Any CPU
		{77A15E07-7EFC-44D3-9FFD-4EF32F61B6FC}.Release|Any CPU.ActiveCfg = Release|Any CPU
		{77A15E07-7EFC-44D3-9FFD-4EF32F61B6FC}.Release|Any CPU.Build.0 = Release|Any CPU
		{0CD0AF41-55C6-4E78-954A-7FDDDDA2C788}.Debug|Any CPU.ActiveCfg = Debug|Any CPU
		{0CD0AF41-55C6-4E78-954A-7FDDDDA2C788}.Debug|Any CPU.Build.0 = Debug|Any CPU
		{0CD0AF41-55C6-4E78-954A-7FDDDDA2C788}.Release|Any CPU.ActiveCfg = Release|Any CPU
		{0CD0AF41-55C6-4E78-954A-7FDDDDA2C788}.Release|Any CPU.Build.0 = Release|Any CPU
		{342ACDF7-F0EE-488A-BC12-A22D58D7A753}.Debug|Any CPU.ActiveCfg = Debug|Any CPU
		{342ACDF7-F0EE-488A-BC12-A22D58D7A753}.Debug|Any CPU.Build.0 = Debug|Any CPU
		{342ACDF7-F0EE-488A-BC12-A22D58D7A753}.Release|Any CPU.ActiveCfg = Release|Any CPU
		{342ACDF7-F0EE-488A-BC12-A22D58D7A753}.Release|Any CPU.Build.0 = Release|Any CPU
		{83FB9DC0-17B7-45BE-AD05-C195BF92B267}.Debug|Any CPU.ActiveCfg = Debug|Any CPU
		{83FB9DC0-17B7-45BE-AD05-C195BF92B267}.Debug|Any CPU.Build.0 = Debug|Any CPU
		{83FB9DC0-17B7-45BE-AD05-C195BF92B267}.Release|Any CPU.ActiveCfg = Release|Any CPU
		{83FB9DC0-17B7-45BE-AD05-C195BF92B267}.Release|Any CPU.Build.0 = Release|Any CPU
		{1E0F8862-8CE1-48AF-AEDA-4A036B6073A3}.Debug|Any CPU.ActiveCfg = Debug|Any CPU
		{1E0F8862-8CE1-48AF-AEDA-4A036B6073A3}.Debug|Any CPU.Build.0 = Debug|Any CPU
		{1E0F8862-8CE1-48AF-AEDA-4A036B6073A3}.Release|Any CPU.ActiveCfg = Release|Any CPU
		{1E0F8862-8CE1-48AF-AEDA-4A036B6073A3}.Release|Any CPU.Build.0 = Release|Any CPU
		{18711D81-EF62-4707-B93C-160D4E091234}.Debug|Any CPU.ActiveCfg = Debug|Any CPU
		{18711D81-EF62-4707-B93C-160D4E091234}.Debug|Any CPU.Build.0 = Debug|Any CPU
		{18711D81-EF62-4707-B93C-160D4E091234}.Release|Any CPU.ActiveCfg = Release|Any CPU
		{18711D81-EF62-4707-B93C-160D4E091234}.Release|Any CPU.Build.0 = Release|Any CPU
		{8FF6F3B3-F992-47A3-884A-BACDE4BFB6D9}.Debug|Any CPU.ActiveCfg = Debug|Any CPU
		{8FF6F3B3-F992-47A3-884A-BACDE4BFB6D9}.Debug|Any CPU.Build.0 = Debug|Any CPU
		{8FF6F3B3-F992-47A3-884A-BACDE4BFB6D9}.Release|Any CPU.ActiveCfg = Release|Any CPU
		{8FF6F3B3-F992-47A3-884A-BACDE4BFB6D9}.Release|Any CPU.Build.0 = Release|Any CPU
		{E3C69199-6EB8-4331-A9F7-030A75B87B03}.Debug|Any CPU.ActiveCfg = Debug|Any CPU
		{E3C69199-6EB8-4331-A9F7-030A75B87B03}.Debug|Any CPU.Build.0 = Debug|Any CPU
		{E3C69199-6EB8-4331-A9F7-030A75B87B03}.Release|Any CPU.ActiveCfg = Release|Any CPU
		{E3C69199-6EB8-4331-A9F7-030A75B87B03}.Release|Any CPU.Build.0 = Release|Any CPU
		{845FBF4E-856D-47F5-BF82-2B03CA75991B}.Debug|Any CPU.ActiveCfg = Debug|Any CPU
		{845FBF4E-856D-47F5-BF82-2B03CA75991B}.Debug|Any CPU.Build.0 = Debug|Any CPU
		{845FBF4E-856D-47F5-BF82-2B03CA75991B}.Release|Any CPU.ActiveCfg = Release|Any CPU
		{845FBF4E-856D-47F5-BF82-2B03CA75991B}.Release|Any CPU.Build.0 = Release|Any CPU
		{1DF5B882-575B-4918-9F51-9EB1D5FAAFA5}.Debug|Any CPU.ActiveCfg = Debug|Any CPU
		{1DF5B882-575B-4918-9F51-9EB1D5FAAFA5}.Debug|Any CPU.Build.0 = Debug|Any CPU
		{1DF5B882-575B-4918-9F51-9EB1D5FAAFA5}.Release|Any CPU.ActiveCfg = Release|Any CPU
		{1DF5B882-575B-4918-9F51-9EB1D5FAAFA5}.Release|Any CPU.Build.0 = Release|Any CPU
		{4BCB69FF-F3AD-4824-A3BC-08407195D55B}.Debug|Any CPU.ActiveCfg = Debug|Any CPU
		{4BCB69FF-F3AD-4824-A3BC-08407195D55B}.Debug|Any CPU.Build.0 = Debug|Any CPU
		{4BCB69FF-F3AD-4824-A3BC-08407195D55B}.Release|Any CPU.ActiveCfg = Release|Any CPU
		{4BCB69FF-F3AD-4824-A3BC-08407195D55B}.Release|Any CPU.Build.0 = Release|Any CPU
		{7ABA6B32-CA65-4329-B4E3-D9C7FBA62815}.Debug|Any CPU.ActiveCfg = Debug|Any CPU
		{7ABA6B32-CA65-4329-B4E3-D9C7FBA62815}.Debug|Any CPU.Build.0 = Debug|Any CPU
		{7ABA6B32-CA65-4329-B4E3-D9C7FBA62815}.Release|Any CPU.ActiveCfg = Release|Any CPU
		{7ABA6B32-CA65-4329-B4E3-D9C7FBA62815}.Release|Any CPU.Build.0 = Release|Any CPU
		{49264065-E33D-4748-9063-53716F0905FC}.Debug|Any CPU.ActiveCfg = Debug|Any CPU
		{49264065-E33D-4748-9063-53716F0905FC}.Debug|Any CPU.Build.0 = Debug|Any CPU
		{49264065-E33D-4748-9063-53716F0905FC}.Release|Any CPU.ActiveCfg = Release|Any CPU
		{49264065-E33D-4748-9063-53716F0905FC}.Release|Any CPU.Build.0 = Release|Any CPU
		{B590FA5F-2899-4A32-B14E-4E2A3F3484A4}.Debug|Any CPU.ActiveCfg = Debug|Any CPU
		{B590FA5F-2899-4A32-B14E-4E2A3F3484A4}.Debug|Any CPU.Build.0 = Debug|Any CPU
		{B590FA5F-2899-4A32-B14E-4E2A3F3484A4}.Release|Any CPU.ActiveCfg = Release|Any CPU
		{B590FA5F-2899-4A32-B14E-4E2A3F3484A4}.Release|Any CPU.Build.0 = Release|Any CPU
		{60A23CEE-D8FE-4E62-BB54-76E0C4A79B34}.Debug|Any CPU.ActiveCfg = Debug|Any CPU
		{60A23CEE-D8FE-4E62-BB54-76E0C4A79B34}.Debug|Any CPU.Build.0 = Debug|Any CPU
		{60A23CEE-D8FE-4E62-BB54-76E0C4A79B34}.Release|Any CPU.ActiveCfg = Release|Any CPU
		{60A23CEE-D8FE-4E62-BB54-76E0C4A79B34}.Release|Any CPU.Build.0 = Release|Any CPU
	EndGlobalSection
	GlobalSection(SolutionProperties) = preSolution
		HideSolutionNode = FALSE
	EndGlobalSection
	GlobalSection(NestedProjects) = preSolution
		{D88E4178-5756-4C32-BB94-7CF6AC04A151} = {849929BA-4066-4FFE-A483-8B28E574349C}
		{77A15E07-7EFC-44D3-9FFD-4EF32F61B6FC} = {E66E982B-475B-4E9A-A840-B8C99A4654EE}
		{0CD0AF41-55C6-4E78-954A-7FDDDDA2C788} = {3B4CC5AE-853D-4D94-9D38-A7E8F53557A8}
		{342ACDF7-F0EE-488A-BC12-A22D58D7A753} = {392033C3-716D-41C5-A4C3-C9C877692B13}
		{83FB9DC0-17B7-45BE-AD05-C195BF92B267} = {6C5B66B4-A54A-4FA8-BA06-B15895DF9C70}
		{1E0F8862-8CE1-48AF-AEDA-4A036B6073A3} = {99340240-246A-4FC8-AC34-CAE2B91A3092}
		{18711D81-EF62-4707-B93C-160D4E091234} = {85E71342-CBB8-4B77-A206-5EF14B336360}
		{8FF6F3B3-F992-47A3-884A-BACDE4BFB6D9} = {22756623-3146-4570-8C22-404BD4C21B9D}
		{E3C69199-6EB8-4331-A9F7-030A75B87B03} = {519773CF-0BA6-483F-A67E-5EC33C36D13F}
		{845FBF4E-856D-47F5-BF82-2B03CA75991B} = {47104493-1108-4519-83EB-CB17087E15EA}
		{1DF5B882-575B-4918-9F51-9EB1D5FAAFA5} = {61369013-5730-430F-BBA4-03EECDDECD4C}
		{4BCB69FF-F3AD-4824-A3BC-08407195D55B} = {61369013-5730-430F-BBA4-03EECDDECD4C}
		{7ABA6B32-CA65-4329-B4E3-D9C7FBA62815} = {515AF03D-964A-4103-90AA-2093096C1A4D}
		{49264065-E33D-4748-9063-53716F0905FC} = {515AF03D-964A-4103-90AA-2093096C1A4D}
		{B590FA5F-2899-4A32-B14E-4E2A3F3484A4} = {515AF03D-964A-4103-90AA-2093096C1A4D}
		{60A23CEE-D8FE-4E62-BB54-76E0C4A79B34} = {515AF03D-964A-4103-90AA-2093096C1A4D}
	EndGlobalSection
	GlobalSection(ExtensibilityGlobals) = postSolution
		SolutionGuid = {8EA95C3A-B1A4-435B-98E9-50DB9B8F7C40}
	EndGlobalSection
EndGlobal
